
Microsoft Visual Studio Solution File, Format Version 12.00
# Visual Studio Version 17
VisualStudioVersion = 17.9.34723.18
MinimumVisualStudioVersion = 10.0.40219.1
Project("{9A19103F-16F7-4668-BE54-9A1E7A4F7556}") = "ADM.Cliente", "ADMFacturar\ADM.Cliente.csproj", "{ACA3E3C9-932F-4146-BD5C-F584DED78CAB}"
EndProject
Project("{9A19103F-16F7-4668-BE54-9A1E7A4F7556}") = "ADM.API", "ADM.API\ADM.API.csproj", "{F7E15887-E572-488C-9416-C11D96C2A023}"
EndProject
Project("{FAE04EC0-301F-11D3-BF4B-00C04F79EFBC}") = "ADM.Models", "ADM.Models\ADM.Models.csproj", "{B5AAE8BB-ADFD-4D14-8220-997505787129}"
EndProject
Project("{FAE04EC0-301F-11D3-BF4B-00C04F79EFBC}") = "ADM.Architectur", "ADM.Architectur\ADM.Architectur.csproj", "{18803328-4E21-4658-9B70-03EB56DC2C53}"
EndProject
Project("{FAE04EC0-301F-11D3-BF4B-00C04F79EFBC}") = "ADM.Interface", "ADM.Interface\ADM.Interface.csproj", "{1305C2AE-573B-4465-8EC4-3D58E2718B52}"
EndProject
Project("{FAE04EC0-301F-11D3-BF4B-00C04F79EFBC}") = "ADM.Service", "ADM.Service\ADM.Service.csproj", "{D856C992-9987-4DA6-B37E-D35DC53B4814}"
EndProject
Global
	GlobalSection(SolutionConfigurationPlatforms) = preSolution
		Debug|Any CPU = Debug|Any CPU
		Release|Any CPU = Release|Any CPU
	EndGlobalSection
	GlobalSection(ProjectConfigurationPlatforms) = postSolution
		{ACA3E3C9-932F-4146-BD5C-F584DED78CAB}.Debug|Any CPU.ActiveCfg = Debug|Any CPU
		{ACA3E3C9-932F-4146-BD5C-F584DED78CAB}.Debug|Any CPU.Build.0 = Debug|Any CPU
		{ACA3E3C9-932F-4146-BD5C-F584DED78CAB}.Release|Any CPU.ActiveCfg = Release|Any CPU
		{ACA3E3C9-932F-4146-BD5C-F584DED78CAB}.Release|Any CPU.Build.0 = Release|Any CPU
		{F7E15887-E572-488C-9416-C11D96C2A023}.Debug|Any CPU.ActiveCfg = Debug|Any CPU
		{F7E15887-E572-488C-9416-C11D96C2A023}.Debug|Any CPU.Build.0 = Debug|Any CPU
		{F7E15887-E572-488C-9416-C11D96C2A023}.Release|Any CPU.ActiveCfg = Release|Any CPU
		{F7E15887-E572-488C-9416-C11D96C2A023}.Release|Any CPU.Build.0 = Release|Any CPU
		{B5AAE8BB-ADFD-4D14-8220-997505787129}.Debug|Any CPU.ActiveCfg = Debug|Any CPU
		{B5AAE8BB-ADFD-4D14-8220-997505787129}.Debug|Any CPU.Build.0 = Debug|Any CPU
		{B5AAE8BB-ADFD-4D14-8220-997505787129}.Release|Any CPU.ActiveCfg = Release|Any CPU
		{B5AAE8BB-ADFD-4D14-8220-997505787129}.Release|Any CPU.Build.0 = Release|Any CPU
		{18803328-4E21-4658-9B70-03EB56DC2C53}.Debug|Any CPU.ActiveCfg = Debug|Any CPU
		{18803328-4E21-4658-9B70-03EB56DC2C53}.Debug|Any CPU.Build.0 = Debug|Any CPU
		{18803328-4E21-4658-9B70-03EB56DC2C53}.Release|Any CPU.ActiveCfg = Release|Any CPU
		{18803328-4E21-4658-9B70-03EB56DC2C53}.Release|Any CPU.Build.0 = Release|Any CPU
		{1305C2AE-573B-4465-8EC4-3D58E2718B52}.Debug|Any CPU.ActiveCfg = Debug|Any CPU
		{1305C2AE-573B-4465-8EC4-3D58E2718B52}.Debug|Any CPU.Build.0 = Debug|Any CPU
		{1305C2AE-573B-4465-8EC4-3D58E2718B52}.Release|Any CPU.ActiveCfg = Release|Any CPU
		{1305C2AE-573B-4465-8EC4-3D58E2718B52}.Release|Any CPU.Build.0 = Release|Any CPU
		{D856C992-9987-4DA6-B37E-D35DC53B4814}.Debug|Any CPU.ActiveCfg = Debug|Any CPU
		{D856C992-9987-4DA6-B37E-D35DC53B4814}.Debug|Any CPU.Build.0 = Debug|Any CPU
		{D856C992-9987-4DA6-B37E-D35DC53B4814}.Release|Any CPU.ActiveCfg = Release|Any CPU
		{D856C992-9987-4DA6-B37E-D35DC53B4814}.Release|Any CPU.Build.0 = Release|Any CPU
	EndGlobalSection
	GlobalSection(SolutionProperties) = preSolution
		HideSolutionNode = FALSE
	EndGlobalSection
	GlobalSection(ExtensibilityGlobals) = postSolution
		SolutionGuid = {BBE1D11F-F696-4DAF-84BA-81C0CC8F54D7}
	EndGlobalSection
EndGlobal
